
Microsoft Visual Studio Solution File, Format Version 12.00
# Visual Studio Version 17
VisualStudioVersion = 17.2.32519.379
MinimumVisualStudioVersion = 10.0.40219.1
Project("{FAE04EC0-301F-11D3-BF4B-00C04F79EFBC}") = "MyEasyChat.Android", "MyEasyChat\MyEasyChat.Android\MyEasyChat.Android.csproj", "{68D77447-4DE4-4DC4-A4A1-D977CA0C3796}"
EndProject
Project("{FAE04EC0-301F-11D3-BF4B-00C04F79EFBC}") = "MyEasyChat.iOS", "MyEasyChat\MyEasyChat.iOS\MyEasyChat.iOS.csproj", "{798392C9-DD81-4389-BBF9-38F67E94D1DB}"
EndProject
Project("{9A19103F-16F7-4668-BE54-9A1E7A4F7556}") = "MyEasyChat", "MyEasyChat\MyEasyChat\MyEasyChat.csproj", "{67C73CF9-D414-423C-80BF-0B5A517976F8}"
EndProject
Project("{FAE04EC0-301F-11D3-BF4B-00C04F79EFBC}") = "SignalRMyEasyChat.Android", "SignalRMyEasyChat\SignalRMyEasyChat.Android\SignalRMyEasyChat.Android.csproj", "{B2358DC7-8DD1-4AD9-A85F-1F7585D18263}"
EndProject
Project("{FAE04EC0-301F-11D3-BF4B-00C04F79EFBC}") = "SignalRMyEasyChat.iOS", "SignalRMyEasyChat\SignalRMyEasyChat.iOS\SignalRMyEasyChat.iOS.csproj", "{E2D8AE36-C370-4305-A33C-66536C4939F6}"
EndProject
Project("{FAE04EC0-301F-11D3-BF4B-00C04F79EFBC}") = "SignalRMyEasyChat", "SignalRMyEasyChat\SignalRMyEasyChat\SignalRMyEasyChat.csproj", "{BA907C84-ACEB-4B0E-BC7C-E29A060330CB}"
EndProject
Global
	GlobalSection(SolutionConfigurationPlatforms) = preSolution
		Ad-Hoc|Any CPU = Ad-Hoc|Any CPU
		Ad-Hoc|ARM = Ad-Hoc|ARM
		Ad-Hoc|iPhone = Ad-Hoc|iPhone
		Ad-Hoc|iPhoneSimulator = Ad-Hoc|iPhoneSimulator
		Ad-Hoc|x64 = Ad-Hoc|x64
		Ad-Hoc|x86 = Ad-Hoc|x86
		AppStore|Any CPU = AppStore|Any CPU
		AppStore|ARM = AppStore|ARM
		AppStore|iPhone = AppStore|iPhone
		AppStore|iPhoneSimulator = AppStore|iPhoneSimulator
		AppStore|x64 = AppStore|x64
		AppStore|x86 = AppStore|x86
		Debug|Any CPU = Debug|Any CPU
		Debug|ARM = Debug|ARM
		Debug|iPhone = Debug|iPhone
		Debug|iPhoneSimulator = Debug|iPhoneSimulator
		Debug|x64 = Debug|x64
		Debug|x86 = Debug|x86
		Release|Any CPU = Release|Any CPU
		Release|ARM = Release|ARM
		Release|iPhone = Release|iPhone
		Release|iPhoneSimulator = Release|iPhoneSimulator
		Release|x64 = Release|x64
		Release|x86 = Release|x86
	EndGlobalSection
	GlobalSection(ProjectConfigurationPlatforms) = postSolution
		{68D77447-4DE4-4DC4-A4A1-D977CA0C3796}.Ad-Hoc|Any CPU.ActiveCfg = Debug|Any CPU
		{68D77447-4DE4-4DC4-A4A1-D977CA0C3796}.Ad-Hoc|Any CPU.Build.0 = Debug|Any CPU
		{68D77447-4DE4-4DC4-A4A1-D977CA0C3796}.Ad-Hoc|Any CPU.Deploy.0 = Debug|Any CPU
		{68D77447-4DE4-4DC4-A4A1-D977CA0C3796}.Ad-Hoc|ARM.ActiveCfg = Debug|Any CPU
		{68D77447-4DE4-4DC4-A4A1-D977CA0C3796}.Ad-Hoc|ARM.Build.0 = Debug|Any CPU
		{68D77447-4DE4-4DC4-A4A1-D977CA0C3796}.Ad-Hoc|ARM.Deploy.0 = Debug|Any CPU
		{68D77447-4DE4-4DC4-A4A1-D977CA0C3796}.Ad-Hoc|iPhone.ActiveCfg = Debug|Any CPU
		{68D77447-4DE4-4DC4-A4A1-D977CA0C3796}.Ad-Hoc|iPhone.Build.0 = Debug|Any CPU
		{68D77447-4DE4-4DC4-A4A1-D977CA0C3796}.Ad-Hoc|iPhone.Deploy.0 = Debug|Any CPU
		{68D77447-4DE4-4DC4-A4A1-D977CA0C3796}.Ad-Hoc|iPhoneSimulator.ActiveCfg = Debug|Any CPU
		{68D77447-4DE4-4DC4-A4A1-D977CA0C3796}.Ad-Hoc|iPhoneSimulator.Build.0 = Debug|Any CPU
		{68D77447-4DE4-4DC4-A4A1-D977CA0C3796}.Ad-Hoc|iPhoneSimulator.Deploy.0 = Debug|Any CPU
		{68D77447-4DE4-4DC4-A4A1-D977CA0C3796}.Ad-Hoc|x64.ActiveCfg = Debug|Any CPU
		{68D77447-4DE4-4DC4-A4A1-D977CA0C3796}.Ad-Hoc|x64.Build.0 = Debug|Any CPU
		{68D77447-4DE4-4DC4-A4A1-D977CA0C3796}.Ad-Hoc|x64.Deploy.0 = Debug|Any CPU
		{68D77447-4DE4-4DC4-A4A1-D977CA0C3796}.Ad-Hoc|x86.ActiveCfg = Debug|Any CPU
		{68D77447-4DE4-4DC4-A4A1-D977CA0C3796}.Ad-Hoc|x86.Build.0 = Debug|Any CPU
		{68D77447-4DE4-4DC4-A4A1-D977CA0C3796}.Ad-Hoc|x86.Deploy.0 = Debug|Any CPU
		{68D77447-4DE4-4DC4-A4A1-D977CA0C3796}.AppStore|Any CPU.ActiveCfg = Debug|Any CPU
		{68D77447-4DE4-4DC4-A4A1-D977CA0C3796}.AppStore|Any CPU.Build.0 = Debug|Any CPU
		{68D77447-4DE4-4DC4-A4A1-D977CA0C3796}.AppStore|Any CPU.Deploy.0 = Debug|Any CPU
		{68D77447-4DE4-4DC4-A4A1-D977CA0C3796}.AppStore|ARM.ActiveCfg = Debug|Any CPU
		{68D77447-4DE4-4DC4-A4A1-D977CA0C3796}.AppStore|ARM.Build.0 = Debug|Any CPU
		{68D77447-4DE4-4DC4-A4A1-D977CA0C3796}.AppStore|ARM.Deploy.0 = Debug|Any CPU
		{68D77447-4DE4-4DC4-A4A1-D977CA0C3796}.AppStore|iPhone.ActiveCfg = Debug|Any CPU
		{68D77447-4DE4-4DC4-A4A1-D977CA0C3796}.AppStore|iPhone.Build.0 = Debug|Any CPU
		{68D77447-4DE4-4DC4-A4A1-D977CA0C3796}.AppStore|iPhone.Deploy.0 = Debug|Any CPU
		{68D77447-4DE4-4DC4-A4A1-D977CA0C3796}.AppStore|iPhoneSimulator.ActiveCfg = Debug|Any CPU
		{68D77447-4DE4-4DC4-A4A1-D977CA0C3796}.AppStore|iPhoneSimulator.Build.0 = Debug|Any CPU
		{68D77447-4DE4-4DC4-A4A1-D977CA0C3796}.AppStore|iPhoneSimulator.Deploy.0 = Debug|Any CPU
		{68D77447-4DE4-4DC4-A4A1-D977CA0C3796}.AppStore|x64.ActiveCfg = Debug|Any CPU
		{68D77447-4DE4-4DC4-A4A1-D977CA0C3796}.AppStore|x64.Build.0 = Debug|Any CPU
		{68D77447-4DE4-4DC4-A4A1-D977CA0C3796}.AppStore|x64.Deploy.0 = Debug|Any CPU
		{68D77447-4DE4-4DC4-A4A1-D977CA0C3796}.AppStore|x86.ActiveCfg = Debug|Any CPU
		{68D77447-4DE4-4DC4-A4A1-D977CA0C3796}.AppStore|x86.Build.0 = Debug|Any CPU
		{68D77447-4DE4-4DC4-A4A1-D977CA0C3796}.AppStore|x86.Deploy.0 = Debug|Any CPU
		{68D77447-4DE4-4DC4-A4A1-D977CA0C3796}.Debug|Any CPU.ActiveCfg = Debug|Any CPU
		{68D77447-4DE4-4DC4-A4A1-D977CA0C3796}.Debug|Any CPU.Build.0 = Debug|Any CPU
		{68D77447-4DE4-4DC4-A4A1-D977CA0C3796}.Debug|Any CPU.Deploy.0 = Debug|Any CPU
		{68D77447-4DE4-4DC4-A4A1-D977CA0C3796}.Debug|ARM.ActiveCfg = Debug|Any CPU
		{68D77447-4DE4-4DC4-A4A1-D977CA0C3796}.Debug|ARM.Build.0 = Debug|Any CPU
		{68D77447-4DE4-4DC4-A4A1-D977CA0C3796}.Debug|ARM.Deploy.0 = Debug|Any CPU
		{68D77447-4DE4-4DC4-A4A1-D977CA0C3796}.Debug|iPhone.ActiveCfg = Debug|Any CPU
		{68D77447-4DE4-4DC4-A4A1-D977CA0C3796}.Debug|iPhone.Build.0 = Debug|Any CPU
		{68D77447-4DE4-4DC4-A4A1-D977CA0C3796}.Debug|iPhone.Deploy.0 = Debug|Any CPU
		{68D77447-4DE4-4DC4-A4A1-D977CA0C3796}.Debug|iPhoneSimulator.ActiveCfg = Debug|Any CPU
		{68D77447-4DE4-4DC4-A4A1-D977CA0C3796}.Debug|iPhoneSimulator.Build.0 = Debug|Any CPU
		{68D77447-4DE4-4DC4-A4A1-D977CA0C3796}.Debug|iPhoneSimulator.Deploy.0 = Debug|Any CPU
		{68D77447-4DE4-4DC4-A4A1-D977CA0C3796}.Debug|x64.ActiveCfg = Debug|Any CPU
		{68D77447-4DE4-4DC4-A4A1-D977CA0C3796}.Debug|x64.Build.0 = Debug|Any CPU
		{68D77447-4DE4-4DC4-A4A1-D977CA0C3796}.Debug|x64.Deploy.0 = Debug|Any CPU
		{68D77447-4DE4-4DC4-A4A1-D977CA0C3796}.Debug|x86.ActiveCfg = Debug|Any CPU
		{68D77447-4DE4-4DC4-A4A1-D977CA0C3796}.Debug|x86.Build.0 = Debug|Any CPU
		{68D77447-4DE4-4DC4-A4A1-D977CA0C3796}.Debug|x86.Deploy.0 = Debug|Any CPU
		{68D77447-4DE4-4DC4-A4A1-D977CA0C3796}.Release|Any CPU.ActiveCfg = Release|Any CPU
		{68D77447-4DE4-4DC4-A4A1-D977CA0C3796}.Release|Any CPU.Build.0 = Release|Any CPU
		{68D77447-4DE4-4DC4-A4A1-D977CA0C3796}.Release|Any CPU.Deploy.0 = Release|Any CPU
		{68D77447-4DE4-4DC4-A4A1-D977CA0C3796}.Release|ARM.ActiveCfg = Release|Any CPU
		{68D77447-4DE4-4DC4-A4A1-D977CA0C3796}.Release|ARM.Build.0 = Release|Any CPU
		{68D77447-4DE4-4DC4-A4A1-D977CA0C3796}.Release|ARM.Deploy.0 = Release|Any CPU
		{68D77447-4DE4-4DC4-A4A1-D977CA0C3796}.Release|iPhone.ActiveCfg = Release|Any CPU
		{68D77447-4DE4-4DC4-A4A1-D977CA0C3796}.Release|iPhone.Build.0 = Release|Any CPU
		{68D77447-4DE4-4DC4-A4A1-D977CA0C3796}.Release|iPhone.Deploy.0 = Release|Any CPU
		{68D77447-4DE4-4DC4-A4A1-D977CA0C3796}.Release|iPhoneSimulator.ActiveCfg = Release|Any CPU
		{68D77447-4DE4-4DC4-A4A1-D977CA0C3796}.Release|iPhoneSimulator.Build.0 = Release|Any CPU
		{68D77447-4DE4-4DC4-A4A1-D977CA0C3796}.Release|iPhoneSimulator.Deploy.0 = Release|Any CPU
		{68D77447-4DE4-4DC4-A4A1-D977CA0C3796}.Release|x64.ActiveCfg = Release|Any CPU
		{68D77447-4DE4-4DC4-A4A1-D977CA0C3796}.Release|x64.Build.0 = Release|Any CPU
		{68D77447-4DE4-4DC4-A4A1-D977CA0C3796}.Release|x64.Deploy.0 = Release|Any CPU
		{68D77447-4DE4-4DC4-A4A1-D977CA0C3796}.Release|x86.ActiveCfg = Release|Any CPU
		{68D77447-4DE4-4DC4-A4A1-D977CA0C3796}.Release|x86.Build.0 = Release|Any CPU
		{68D77447-4DE4-4DC4-A4A1-D977CA0C3796}.Release|x86.Deploy.0 = Release|Any CPU
		{798392C9-DD81-4389-BBF9-38F67E94D1DB}.Ad-Hoc|Any CPU.ActiveCfg = Debug|iPhoneSimulator
		{798392C9-DD81-4389-BBF9-38F67E94D1DB}.Ad-Hoc|Any CPU.Build.0 = Debug|iPhoneSimulator
		{798392C9-DD81-4389-BBF9-38F67E94D1DB}.Ad-Hoc|ARM.ActiveCfg = Debug|iPhoneSimulator
		{798392C9-DD81-4389-BBF9-38F67E94D1DB}.Ad-Hoc|ARM.Build.0 = Debug|iPhoneSimulator
		{798392C9-DD81-4389-BBF9-38F67E94D1DB}.Ad-Hoc|iPhone.ActiveCfg = Debug|iPhone
		{798392C9-DD81-4389-BBF9-38F67E94D1DB}.Ad-Hoc|iPhone.Build.0 = Debug|iPhone
		{798392C9-DD81-4389-BBF9-38F67E94D1DB}.Ad-Hoc|iPhoneSimulator.ActiveCfg = Debug|iPhoneSimulator
		{798392C9-DD81-4389-BBF9-38F67E94D1DB}.Ad-Hoc|iPhoneSimulator.Build.0 = Debug|iPhoneSimulator
		{798392C9-DD81-4389-BBF9-38F67E94D1DB}.Ad-Hoc|x64.ActiveCfg = Debug|iPhoneSimulator
		{798392C9-DD81-4389-BBF9-38F67E94D1DB}.Ad-Hoc|x64.Build.0 = Debug|iPhoneSimulator
		{798392C9-DD81-4389-BBF9-38F67E94D1DB}.Ad-Hoc|x86.ActiveCfg = Debug|iPhoneSimulator
		{798392C9-DD81-4389-BBF9-38F67E94D1DB}.Ad-Hoc|x86.Build.0 = Debug|iPhoneSimulator
		{798392C9-DD81-4389-BBF9-38F67E94D1DB}.AppStore|Any CPU.ActiveCfg = Debug|iPhoneSimulator
		{798392C9-DD81-4389-BBF9-38F67E94D1DB}.AppStore|Any CPU.Build.0 = Debug|iPhoneSimulator
		{798392C9-DD81-4389-BBF9-38F67E94D1DB}.AppStore|ARM.ActiveCfg = Debug|iPhoneSimulator
		{798392C9-DD81-4389-BBF9-38F67E94D1DB}.AppStore|ARM.Build.0 = Debug|iPhoneSimulator
		{798392C9-DD81-4389-BBF9-38F67E94D1DB}.AppStore|iPhone.ActiveCfg = Debug|iPhone
		{798392C9-DD81-4389-BBF9-38F67E94D1DB}.AppStore|iPhone.Build.0 = Debug|iPhone
		{798392C9-DD81-4389-BBF9-38F67E94D1DB}.AppStore|iPhoneSimulator.ActiveCfg = Debug|iPhoneSimulator
		{798392C9-DD81-4389-BBF9-38F67E94D1DB}.AppStore|iPhoneSimulator.Build.0 = Debug|iPhoneSimulator
		{798392C9-DD81-4389-BBF9-38F67E94D1DB}.AppStore|x64.ActiveCfg = Debug|iPhoneSimulator
		{798392C9-DD81-4389-BBF9-38F67E94D1DB}.AppStore|x64.Build.0 = Debug|iPhoneSimulator
		{798392C9-DD81-4389-BBF9-38F67E94D1DB}.AppStore|x86.ActiveCfg = Debug|iPhoneSimulator
		{798392C9-DD81-4389-BBF9-38F67E94D1DB}.AppStore|x86.Build.0 = Debug|iPhoneSimulator
		{798392C9-DD81-4389-BBF9-38F67E94D1DB}.Debug|Any CPU.ActiveCfg = Debug|iPhoneSimulator
		{798392C9-DD81-4389-BBF9-38F67E94D1DB}.Debug|Any CPU.Build.0 = Debug|iPhoneSimulator
		{798392C9-DD81-4389-BBF9-38F67E94D1DB}.Debug|ARM.ActiveCfg = Debug|iPhoneSimulator
		{798392C9-DD81-4389-BBF9-38F67E94D1DB}.Debug|ARM.Build.0 = Debug|iPhoneSimulator
		{798392C9-DD81-4389-BBF9-38F67E94D1DB}.Debug|iPhone.ActiveCfg = Debug|iPhone
		{798392C9-DD81-4389-BBF9-38F67E94D1DB}.Debug|iPhone.Build.0 = Debug|iPhone
		{798392C9-DD81-4389-BBF9-38F67E94D1DB}.Debug|iPhoneSimulator.ActiveCfg = Debug|iPhoneSimulator
		{798392C9-DD81-4389-BBF9-38F67E94D1DB}.Debug|iPhoneSimulator.Build.0 = Debug|iPhoneSimulator
		{798392C9-DD81-4389-BBF9-38F67E94D1DB}.Debug|x64.ActiveCfg = Debug|iPhoneSimulator
		{798392C9-DD81-4389-BBF9-38F67E94D1DB}.Debug|x64.Build.0 = Debug|iPhoneSimulator
		{798392C9-DD81-4389-BBF9-38F67E94D1DB}.Debug|x86.ActiveCfg = Debug|iPhoneSimulator
		{798392C9-DD81-4389-BBF9-38F67E94D1DB}.Debug|x86.Build.0 = Debug|iPhoneSimulator
		{798392C9-DD81-4389-BBF9-38F67E94D1DB}.Release|Any CPU.ActiveCfg = Release|iPhoneSimulator
		{798392C9-DD81-4389-BBF9-38F67E94D1DB}.Release|Any CPU.Build.0 = Release|iPhoneSimulator
		{798392C9-DD81-4389-BBF9-38F67E94D1DB}.Release|ARM.ActiveCfg = Release|iPhoneSimulator
		{798392C9-DD81-4389-BBF9-38F67E94D1DB}.Release|ARM.Build.0 = Release|iPhoneSimulator
		{798392C9-DD81-4389-BBF9-38F67E94D1DB}.Release|iPhone.ActiveCfg = Release|iPhone
		{798392C9-DD81-4389-BBF9-38F67E94D1DB}.Release|iPhone.Build.0 = Release|iPhone
		{798392C9-DD81-4389-BBF9-38F67E94D1DB}.Release|iPhoneSimulator.ActiveCfg = Release|iPhoneSimulator
		{798392C9-DD81-4389-BBF9-38F67E94D1DB}.Release|iPhoneSimulator.Build.0 = Release|iPhoneSimulator
		{798392C9-DD81-4389-BBF9-38F67E94D1DB}.Release|x64.ActiveCfg = Release|iPhoneSimulator
		{798392C9-DD81-4389-BBF9-38F67E94D1DB}.Release|x64.Build.0 = Release|iPhoneSimulator
		{798392C9-DD81-4389-BBF9-38F67E94D1DB}.Release|x86.ActiveCfg = Release|iPhoneSimulator
		{798392C9-DD81-4389-BBF9-38F67E94D1DB}.Release|x86.Build.0 = Release|iPhoneSimulator
		{67C73CF9-D414-423C-80BF-0B5A517976F8}.Ad-Hoc|Any CPU.ActiveCfg = Debug|Any CPU
		{67C73CF9-D414-423C-80BF-0B5A517976F8}.Ad-Hoc|Any CPU.Build.0 = Debug|Any CPU
		{67C73CF9-D414-423C-80BF-0B5A517976F8}.Ad-Hoc|ARM.ActiveCfg = Debug|Any CPU
		{67C73CF9-D414-423C-80BF-0B5A517976F8}.Ad-Hoc|ARM.Build.0 = Debug|Any CPU
		{67C73CF9-D414-423C-80BF-0B5A517976F8}.Ad-Hoc|iPhone.ActiveCfg = Debug|Any CPU
		{67C73CF9-D414-423C-80BF-0B5A517976F8}.Ad-Hoc|iPhone.Build.0 = Debug|Any CPU
		{67C73CF9-D414-423C-80BF-0B5A517976F8}.Ad-Hoc|iPhoneSimulator.ActiveCfg = Debug|Any CPU
		{67C73CF9-D414-423C-80BF-0B5A517976F8}.Ad-Hoc|iPhoneSimulator.Build.0 = Debug|Any CPU
		{67C73CF9-D414-423C-80BF-0B5A517976F8}.Ad-Hoc|x64.ActiveCfg = Debug|Any CPU
		{67C73CF9-D414-423C-80BF-0B5A517976F8}.Ad-Hoc|x64.Build.0 = Debug|Any CPU
		{67C73CF9-D414-423C-80BF-0B5A517976F8}.Ad-Hoc|x86.ActiveCfg = Debug|Any CPU
		{67C73CF9-D414-423C-80BF-0B5A517976F8}.Ad-Hoc|x86.Build.0 = Debug|Any CPU
		{67C73CF9-D414-423C-80BF-0B5A517976F8}.AppStore|Any CPU.ActiveCfg = Debug|Any CPU
		{67C73CF9-D414-423C-80BF-0B5A517976F8}.AppStore|Any CPU.Build.0 = Debug|Any CPU
		{67C73CF9-D414-423C-80BF-0B5A517976F8}.AppStore|ARM.ActiveCfg = Debug|Any CPU
		{67C73CF9-D414-423C-80BF-0B5A517976F8}.AppStore|ARM.Build.0 = Debug|Any CPU
		{67C73CF9-D414-423C-80BF-0B5A517976F8}.AppStore|iPhone.ActiveCfg = Debug|Any CPU
		{67C73CF9-D414-423C-80BF-0B5A517976F8}.AppStore|iPhone.Build.0 = Debug|Any CPU
		{67C73CF9-D414-423C-80BF-0B5A517976F8}.AppStore|iPhoneSimulator.ActiveCfg = Debug|Any CPU
		{67C73CF9-D414-423C-80BF-0B5A517976F8}.AppStore|iPhoneSimulator.Build.0 = Debug|Any CPU
		{67C73CF9-D414-423C-80BF-0B5A517976F8}.AppStore|x64.ActiveCfg = Debug|Any CPU
		{67C73CF9-D414-423C-80BF-0B5A517976F8}.AppStore|x64.Build.0 = Debug|Any CPU
		{67C73CF9-D414-423C-80BF-0B5A517976F8}.AppStore|x86.ActiveCfg = Debug|Any CPU
		{67C73CF9-D414-423C-80BF-0B5A517976F8}.AppStore|x86.Build.0 = Debug|Any CPU
		{67C73CF9-D414-423C-80BF-0B5A517976F8}.Debug|Any CPU.ActiveCfg = Debug|Any CPU
		{67C73CF9-D414-423C-80BF-0B5A517976F8}.Debug|Any CPU.Build.0 = Debug|Any CPU
		{67C73CF9-D414-423C-80BF-0B5A517976F8}.Debug|ARM.ActiveCfg = Debug|Any CPU
		{67C73CF9-D414-423C-80BF-0B5A517976F8}.Debug|ARM.Build.0 = Debug|Any CPU
		{67C73CF9-D414-423C-80BF-0B5A517976F8}.Debug|iPhone.ActiveCfg = Debug|Any CPU
		{67C73CF9-D414-423C-80BF-0B5A517976F8}.Debug|iPhone.Build.0 = Debug|Any CPU
		{67C73CF9-D414-423C-80BF-0B5A517976F8}.Debug|iPhoneSimulator.ActiveCfg = Debug|Any CPU
		{67C73CF9-D414-423C-80BF-0B5A517976F8}.Debug|iPhoneSimulator.Build.0 = Debug|Any CPU
		{67C73CF9-D414-423C-80BF-0B5A517976F8}.Debug|x64.ActiveCfg = Debug|Any CPU
		{67C73CF9-D414-423C-80BF-0B5A517976F8}.Debug|x64.Build.0 = Debug|Any CPU
		{67C73CF9-D414-423C-80BF-0B5A517976F8}.Debug|x86.ActiveCfg = Debug|Any CPU
		{67C73CF9-D414-423C-80BF-0B5A517976F8}.Debug|x86.Build.0 = Debug|Any CPU
		{67C73CF9-D414-423C-80BF-0B5A517976F8}.Release|Any CPU.ActiveCfg = Release|Any CPU
		{67C73CF9-D414-423C-80BF-0B5A517976F8}.Release|Any CPU.Build.0 = Release|Any CPU
		{67C73CF9-D414-423C-80BF-0B5A517976F8}.Release|ARM.ActiveCfg = Release|Any CPU
		{67C73CF9-D414-423C-80BF-0B5A517976F8}.Release|ARM.Build.0 = Release|Any CPU
		{67C73CF9-D414-423C-80BF-0B5A517976F8}.Release|iPhone.ActiveCfg = Release|Any CPU
		{67C73CF9-D414-423C-80BF-0B5A517976F8}.Release|iPhone.Build.0 = Release|Any CPU
		{67C73CF9-D414-423C-80BF-0B5A517976F8}.Release|iPhoneSimulator.ActiveCfg = Release|Any CPU
		{67C73CF9-D414-423C-80BF-0B5A517976F8}.Release|iPhoneSimulator.Build.0 = Release|Any CPU
		{67C73CF9-D414-423C-80BF-0B5A517976F8}.Release|x64.ActiveCfg = Release|Any CPU
		{67C73CF9-D414-423C-80BF-0B5A517976F8}.Release|x64.Build.0 = Release|Any CPU
		{67C73CF9-D414-423C-80BF-0B5A517976F8}.Release|x86.ActiveCfg = Release|Any CPU
		{67C73CF9-D414-423C-80BF-0B5A517976F8}.Release|x86.Build.0 = Release|Any CPU
		{B2358DC7-8DD1-4AD9-A85F-1F7585D18263}.Ad-Hoc|Any CPU.ActiveCfg = Debug|Any CPU
		{B2358DC7-8DD1-4AD9-A85F-1F7585D18263}.Ad-Hoc|Any CPU.Build.0 = Debug|Any CPU
		{B2358DC7-8DD1-4AD9-A85F-1F7585D18263}.Ad-Hoc|Any CPU.Deploy.0 = Debug|Any CPU
		{B2358DC7-8DD1-4AD9-A85F-1F7585D18263}.Ad-Hoc|ARM.ActiveCfg = Debug|Any CPU
		{B2358DC7-8DD1-4AD9-A85F-1F7585D18263}.Ad-Hoc|ARM.Build.0 = Debug|Any CPU
		{B2358DC7-8DD1-4AD9-A85F-1F7585D18263}.Ad-Hoc|ARM.Deploy.0 = Debug|Any CPU
		{B2358DC7-8DD1-4AD9-A85F-1F7585D18263}.Ad-Hoc|iPhone.ActiveCfg = Debug|Any CPU
		{B2358DC7-8DD1-4AD9-A85F-1F7585D18263}.Ad-Hoc|iPhone.Build.0 = Debug|Any CPU
		{B2358DC7-8DD1-4AD9-A85F-1F7585D18263}.Ad-Hoc|iPhone.Deploy.0 = Debug|Any CPU
		{B2358DC7-8DD1-4AD9-A85F-1F7585D18263}.Ad-Hoc|iPhoneSimulator.ActiveCfg = Debug|Any CPU
		{B2358DC7-8DD1-4AD9-A85F-1F7585D18263}.Ad-Hoc|iPhoneSimulator.Build.0 = Debug|Any CPU
		{B2358DC7-8DD1-4AD9-A85F-1F7585D18263}.Ad-Hoc|iPhoneSimulator.Deploy.0 = Debug|Any CPU
		{B2358DC7-8DD1-4AD9-A85F-1F7585D18263}.Ad-Hoc|x64.ActiveCfg = Debug|Any CPU
		{B2358DC7-8DD1-4AD9-A85F-1F7585D18263}.Ad-Hoc|x64.Build.0 = Debug|Any CPU
		{B2358DC7-8DD1-4AD9-A85F-1F7585D18263}.Ad-Hoc|x64.Deploy.0 = Debug|Any CPU
		{B2358DC7-8DD1-4AD9-A85F-1F7585D18263}.Ad-Hoc|x86.ActiveCfg = Debug|Any CPU
		{B2358DC7-8DD1-4AD9-A85F-1F7585D18263}.Ad-Hoc|x86.Build.0 = Debug|Any CPU
		{B2358DC7-8DD1-4AD9-A85F-1F7585D18263}.Ad-Hoc|x86.Deploy.0 = Debug|Any CPU
		{B2358DC7-8DD1-4AD9-A85F-1F7585D18263}.AppStore|Any CPU.ActiveCfg = Debug|Any CPU
		{B2358DC7-8DD1-4AD9-A85F-1F7585D18263}.AppStore|Any CPU.Build.0 = Debug|Any CPU
		{B2358DC7-8DD1-4AD9-A85F-1F7585D18263}.AppStore|Any CPU.Deploy.0 = Debug|Any CPU
		{B2358DC7-8DD1-4AD9-A85F-1F7585D18263}.AppStore|ARM.ActiveCfg = Debug|Any CPU
		{B2358DC7-8DD1-4AD9-A85F-1F7585D18263}.AppStore|ARM.Build.0 = Debug|Any CPU
		{B2358DC7-8DD1-4AD9-A85F-1F7585D18263}.AppStore|ARM.Deploy.0 = Debug|Any CPU
		{B2358DC7-8DD1-4AD9-A85F-1F7585D18263}.AppStore|iPhone.ActiveCfg = Debug|Any CPU
		{B2358DC7-8DD1-4AD9-A85F-1F7585D18263}.AppStore|iPhone.Build.0 = Debug|Any CPU
		{B2358DC7-8DD1-4AD9-A85F-1F7585D18263}.AppStore|iPhone.Deploy.0 = Debug|Any CPU
		{B2358DC7-8DD1-4AD9-A85F-1F7585D18263}.AppStore|iPhoneSimulator.ActiveCfg = Debug|Any CPU
		{B2358DC7-8DD1-4AD9-A85F-1F7585D18263}.AppStore|iPhoneSimulator.Build.0 = Debug|Any CPU
		{B2358DC7-8DD1-4AD9-A85F-1F7585D18263}.AppStore|iPhoneSimulator.Deploy.0 = Debug|Any CPU
		{B2358DC7-8DD1-4AD9-A85F-1F7585D18263}.AppStore|x64.ActiveCfg = Debug|Any CPU
		{B2358DC7-8DD1-4AD9-A85F-1F7585D18263}.AppStore|x64.Build.0 = Debug|Any CPU
		{B2358DC7-8DD1-4AD9-A85F-1F7585D18263}.AppStore|x64.Deploy.0 = Debug|Any CPU
		{B2358DC7-8DD1-4AD9-A85F-1F7585D18263}.AppStore|x86.ActiveCfg = Debug|Any CPU
		{B2358DC7-8DD1-4AD9-A85F-1F7585D18263}.AppStore|x86.Build.0 = Debug|Any CPU
		{B2358DC7-8DD1-4AD9-A85F-1F7585D18263}.AppStore|x86.Deploy.0 = Debug|Any CPU
		{B2358DC7-8DD1-4AD9-A85F-1F7585D18263}.Debug|Any CPU.ActiveCfg = Debug|Any CPU
		{B2358DC7-8DD1-4AD9-A85F-1F7585D18263}.Debug|Any CPU.Build.0 = Debug|Any CPU
		{B2358DC7-8DD1-4AD9-A85F-1F7585D18263}.Debug|Any CPU.Deploy.0 = Debug|Any CPU
		{B2358DC7-8DD1-4AD9-A85F-1F7585D18263}.Debug|ARM.ActiveCfg = Debug|Any CPU
		{B2358DC7-8DD1-4AD9-A85F-1F7585D18263}.Debug|ARM.Build.0 = Debug|Any CPU
		{B2358DC7-8DD1-4AD9-A85F-1F7585D18263}.Debug|ARM.Deploy.0 = Debug|Any CPU
		{B2358DC7-8DD1-4AD9-A85F-1F7585D18263}.Debug|iPhone.ActiveCfg = Debug|Any CPU
		{B2358DC7-8DD1-4AD9-A85F-1F7585D18263}.Debug|iPhone.Build.0 = Debug|Any CPU
		{B2358DC7-8DD1-4AD9-A85F-1F7585D18263}.Debug|iPhone.Deploy.0 = Debug|Any CPU
		{B2358DC7-8DD1-4AD9-A85F-1F7585D18263}.Debug|iPhoneSimulator.ActiveCfg = Debug|Any CPU
		{B2358DC7-8DD1-4AD9-A85F-1F7585D18263}.Debug|iPhoneSimulator.Build.0 = Debug|Any CPU
		{B2358DC7-8DD1-4AD9-A85F-1F7585D18263}.Debug|iPhoneSimulator.Deploy.0 = Debug|Any CPU
		{B2358DC7-8DD1-4AD9-A85F-1F7585D18263}.Debug|x64.ActiveCfg = Debug|Any CPU
		{B2358DC7-8DD1-4AD9-A85F-1F7585D18263}.Debug|x64.Build.0 = Debug|Any CPU
		{B2358DC7-8DD1-4AD9-A85F-1F7585D18263}.Debug|x64.Deploy.0 = Debug|Any CPU
		{B2358DC7-8DD1-4AD9-A85F-1F7585D18263}.Debug|x86.ActiveCfg = Debug|Any CPU
		{B2358DC7-8DD1-4AD9-A85F-1F7585D18263}.Debug|x86.Build.0 = Debug|Any CPU
		{B2358DC7-8DD1-4AD9-A85F-1F7585D18263}.Debug|x86.Deploy.0 = Debug|Any CPU
		{B2358DC7-8DD1-4AD9-A85F-1F7585D18263}.Release|Any CPU.ActiveCfg = Release|Any CPU
		{B2358DC7-8DD1-4AD9-A85F-1F7585D18263}.Release|Any CPU.Build.0 = Release|Any CPU
		{B2358DC7-8DD1-4AD9-A85F-1F7585D18263}.Release|Any CPU.Deploy.0 = Release|Any CPU
		{B2358DC7-8DD1-4AD9-A85F-1F7585D18263}.Release|ARM.ActiveCfg = Release|Any CPU
		{B2358DC7-8DD1-4AD9-A85F-1F7585D18263}.Release|ARM.Build.0 = Release|Any CPU
		{B2358DC7-8DD1-4AD9-A85F-1F7585D18263}.Release|ARM.Deploy.0 = Release|Any CPU
		{B2358DC7-8DD1-4AD9-A85F-1F7585D18263}.Release|iPhone.ActiveCfg = Release|Any CPU
		{B2358DC7-8DD1-4AD9-A85F-1F7585D18263}.Release|iPhone.Build.0 = Release|Any CPU
		{B2358DC7-8DD1-4AD9-A85F-1F7585D18263}.Release|iPhone.Deploy.0 = Release|Any CPU
		{B2358DC7-8DD1-4AD9-A85F-1F7585D18263}.Release|iPhoneSimulator.ActiveCfg = Release|Any CPU
		{B2358DC7-8DD1-4AD9-A85F-1F7585D18263}.Release|iPhoneSimulator.Build.0 = Release|Any CPU
		{B2358DC7-8DD1-4AD9-A85F-1F7585D18263}.Release|iPhoneSimulator.Deploy.0 = Release|Any CPU
		{B2358DC7-8DD1-4AD9-A85F-1F7585D18263}.Release|x64.ActiveCfg = Release|Any CPU
		{B2358DC7-8DD1-4AD9-A85F-1F7585D18263}.Release|x64.Build.0 = Release|Any CPU
		{B2358DC7-8DD1-4AD9-A85F-1F7585D18263}.Release|x64.Deploy.0 = Release|Any CPU
		{B2358DC7-8DD1-4AD9-A85F-1F7585D18263}.Release|x86.ActiveCfg = Release|Any CPU
		{B2358DC7-8DD1-4AD9-A85F-1F7585D18263}.Release|x86.Build.0 = Release|Any CPU
		{B2358DC7-8DD1-4AD9-A85F-1F7585D18263}.Release|x86.Deploy.0 = Release|Any CPU
		{E2D8AE36-C370-4305-A33C-66536C4939F6}.Ad-Hoc|Any CPU.ActiveCfg = Debug|iPhoneSimulator
		{E2D8AE36-C370-4305-A33C-66536C4939F6}.Ad-Hoc|Any CPU.Build.0 = Debug|iPhoneSimulator
		{E2D8AE36-C370-4305-A33C-66536C4939F6}.Ad-Hoc|ARM.ActiveCfg = Debug|iPhoneSimulator
		{E2D8AE36-C370-4305-A33C-66536C4939F6}.Ad-Hoc|ARM.Build.0 = Debug|iPhoneSimulator
		{E2D8AE36-C370-4305-A33C-66536C4939F6}.Ad-Hoc|iPhone.ActiveCfg = Debug|iPhone
		{E2D8AE36-C370-4305-A33C-66536C4939F6}.Ad-Hoc|iPhone.Build.0 = Debug|iPhone
		{E2D8AE36-C370-4305-A33C-66536C4939F6}.Ad-Hoc|iPhoneSimulator.ActiveCfg = Debug|iPhoneSimulator
		{E2D8AE36-C370-4305-A33C-66536C4939F6}.Ad-Hoc|iPhoneSimulator.Build.0 = Debug|iPhoneSimulator
		{E2D8AE36-C370-4305-A33C-66536C4939F6}.Ad-Hoc|x64.ActiveCfg = Debug|iPhoneSimulator
		{E2D8AE36-C370-4305-A33C-66536C4939F6}.Ad-Hoc|x64.Build.0 = Debug|iPhoneSimulator
		{E2D8AE36-C370-4305-A33C-66536C4939F6}.Ad-Hoc|x86.ActiveCfg = Debug|iPhoneSimulator
		{E2D8AE36-C370-4305-A33C-66536C4939F6}.Ad-Hoc|x86.Build.0 = Debug|iPhoneSimulator
		{E2D8AE36-C370-4305-A33C-66536C4939F6}.AppStore|Any CPU.ActiveCfg = Debug|iPhoneSimulator
		{E2D8AE36-C370-4305-A33C-66536C4939F6}.AppStore|Any CPU.Build.0 = Debug|iPhoneSimulator
		{E2D8AE36-C370-4305-A33C-66536C4939F6}.AppStore|ARM.ActiveCfg = Debug|iPhoneSimulator
		{E2D8AE36-C370-4305-A33C-66536C4939F6}.AppStore|ARM.Build.0 = Debug|iPhoneSimulator
		{E2D8AE36-C370-4305-A33C-66536C4939F6}.AppStore|iPhone.ActiveCfg = Debug|iPhone
		{E2D8AE36-C370-4305-A33C-66536C4939F6}.AppStore|iPhone.Build.0 = Debug|iPhone
		{E2D8AE36-C370-4305-A33C-66536C4939F6}.AppStore|iPhoneSimulator.ActiveCfg = Debug|iPhoneSimulator
		{E2D8AE36-C370-4305-A33C-66536C4939F6}.AppStore|iPhoneSimulator.Build.0 = Debug|iPhoneSimulator
		{E2D8AE36-C370-4305-A33C-66536C4939F6}.AppStore|x64.ActiveCfg = Debug|iPhoneSimulator
		{E2D8AE36-C370-4305-A33C-66536C4939F6}.AppStore|x64.Build.0 = Debug|iPhoneSimulator
		{E2D8AE36-C370-4305-A33C-66536C4939F6}.AppStore|x86.ActiveCfg = Debug|iPhoneSimulator
		{E2D8AE36-C370-4305-A33C-66536C4939F6}.AppStore|x86.Build.0 = Debug|iPhoneSimulator
		{E2D8AE36-C370-4305-A33C-66536C4939F6}.Debug|Any CPU.ActiveCfg = Debug|iPhoneSimulator
		{E2D8AE36-C370-4305-A33C-66536C4939F6}.Debug|Any CPU.Build.0 = Debug|iPhoneSimulator
		{E2D8AE36-C370-4305-A33C-66536C4939F6}.Debug|ARM.ActiveCfg = Debug|iPhoneSimulator
		{E2D8AE36-C370-4305-A33C-66536C4939F6}.Debug|ARM.Build.0 = Debug|iPhoneSimulator
		{E2D8AE36-C370-4305-A33C-66536C4939F6}.Debug|iPhone.ActiveCfg = Debug|iPhone
		{E2D8AE36-C370-4305-A33C-66536C4939F6}.Debug|iPhone.Build.0 = Debug|iPhone
		{E2D8AE36-C370-4305-A33C-66536C4939F6}.Debug|iPhoneSimulator.ActiveCfg = Debug|iPhoneSimulator
		{E2D8AE36-C370-4305-A33C-66536C4939F6}.Debug|iPhoneSimulator.Build.0 = Debug|iPhoneSimulator
		{E2D8AE36-C370-4305-A33C-66536C4939F6}.Debug|x64.ActiveCfg = Debug|iPhoneSimulator
		{E2D8AE36-C370-4305-A33C-66536C4939F6}.Debug|x64.Build.0 = Debug|iPhoneSimulator
		{E2D8AE36-C370-4305-A33C-66536C4939F6}.Debug|x86.ActiveCfg = Debug|iPhoneSimulator
		{E2D8AE36-C370-4305-A33C-66536C4939F6}.Debug|x86.Build.0 = Debug|iPhoneSimulator
		{E2D8AE36-C370-4305-A33C-66536C4939F6}.Release|Any CPU.ActiveCfg = Release|iPhoneSimulator
		{E2D8AE36-C370-4305-A33C-66536C4939F6}.Release|Any CPU.Build.0 = Release|iPhoneSimulator
		{E2D8AE36-C370-4305-A33C-66536C4939F6}.Release|ARM.ActiveCfg = Release|iPhoneSimulator
		{E2D8AE36-C370-4305-A33C-66536C4939F6}.Release|ARM.Build.0 = Release|iPhoneSimulator
		{E2D8AE36-C370-4305-A33C-66536C4939F6}.Release|iPhone.ActiveCfg = Release|iPhone
		{E2D8AE36-C370-4305-A33C-66536C4939F6}.Release|iPhone.Build.0 = Release|iPhone
		{E2D8AE36-C370-4305-A33C-66536C4939F6}.Release|iPhoneSimulator.ActiveCfg = Release|iPhoneSimulator
		{E2D8AE36-C370-4305-A33C-66536C4939F6}.Release|iPhoneSimulator.Build.0 = Release|iPhoneSimulator
		{E2D8AE36-C370-4305-A33C-66536C4939F6}.Release|x64.ActiveCfg = Release|iPhoneSimulator
		{E2D8AE36-C370-4305-A33C-66536C4939F6}.Release|x64.Build.0 = Release|iPhoneSimulator
		{E2D8AE36-C370-4305-A33C-66536C4939F6}.Release|x86.ActiveCfg = Release|iPhoneSimulator
		{E2D8AE36-C370-4305-A33C-66536C4939F6}.Release|x86.Build.0 = Release|iPhoneSimulator
		{BA907C84-ACEB-4B0E-BC7C-E29A060330CB}.Ad-Hoc|Any CPU.ActiveCfg = Debug|Any CPU
		{BA907C84-ACEB-4B0E-BC7C-E29A060330CB}.Ad-Hoc|Any CPU.Build.0 = Debug|Any CPU
		{BA907C84-ACEB-4B0E-BC7C-E29A060330CB}.Ad-Hoc|ARM.ActiveCfg = Debug|Any CPU
		{BA907C84-ACEB-4B0E-BC7C-E29A060330CB}.Ad-Hoc|ARM.Build.0 = Debug|Any CPU
		{BA907C84-ACEB-4B0E-BC7C-E29A060330CB}.Ad-Hoc|iPhone.ActiveCfg = Debug|Any CPU
		{BA907C84-ACEB-4B0E-BC7C-E29A060330CB}.Ad-Hoc|iPhone.Build.0 = Debug|Any CPU
		{BA907C84-ACEB-4B0E-BC7C-E29A060330CB}.Ad-Hoc|iPhoneSimulator.ActiveCfg = Debug|Any CPU
		{BA907C84-ACEB-4B0E-BC7C-E29A060330CB}.Ad-Hoc|iPhoneSimulator.Build.0 = Debug|Any CPU
		{BA907C84-ACEB-4B0E-BC7C-E29A060330CB}.Ad-Hoc|x64.ActiveCfg = Debug|Any CPU
		{BA907C84-ACEB-4B0E-BC7C-E29A060330CB}.Ad-Hoc|x64.Build.0 = Debug|Any CPU
		{BA907C84-ACEB-4B0E-BC7C-E29A060330CB}.Ad-Hoc|x86.ActiveCfg = Debug|Any CPU
		{BA907C84-ACEB-4B0E-BC7C-E29A060330CB}.Ad-Hoc|x86.Build.0 = Debug|Any CPU
		{BA907C84-ACEB-4B0E-BC7C-E29A060330CB}.AppStore|Any CPU.ActiveCfg = Debug|Any CPU
		{BA907C84-ACEB-4B0E-BC7C-E29A060330CB}.AppStore|Any CPU.Build.0 = Debug|Any CPU
		{BA907C84-ACEB-4B0E-BC7C-E29A060330CB}.AppStore|ARM.ActiveCfg = Debug|Any CPU
		{BA907C84-ACEB-4B0E-BC7C-E29A060330CB}.AppStore|ARM.Build.0 = Debug|Any CPU
		{BA907C84-ACEB-4B0E-BC7C-E29A060330CB}.AppStore|iPhone.ActiveCfg = Debug|Any CPU
		{BA907C84-ACEB-4B0E-BC7C-E29A060330CB}.AppStore|iPhone.Build.0 = Debug|Any CPU
		{BA907C84-ACEB-4B0E-BC7C-E29A060330CB}.AppStore|iPhoneSimulator.ActiveCfg = Debug|Any CPU
		{BA907C84-ACEB-4B0E-BC7C-E29A060330CB}.AppStore|iPhoneSimulator.Build.0 = Debug|Any CPU
		{BA907C84-ACEB-4B0E-BC7C-E29A060330CB}.AppStore|x64.ActiveCfg = Debug|Any CPU
		{BA907C84-ACEB-4B0E-BC7C-E29A060330CB}.AppStore|x64.Build.0 = Debug|Any CPU
		{BA907C84-ACEB-4B0E-BC7C-E29A060330CB}.AppStore|x86.ActiveCfg = Debug|Any CPU
		{BA907C84-ACEB-4B0E-BC7C-E29A060330CB}.AppStore|x86.Build.0 = Debug|Any CPU
		{BA907C84-ACEB-4B0E-BC7C-E29A060330CB}.Debug|Any CPU.ActiveCfg = Debug|Any CPU
		{BA907C84-ACEB-4B0E-BC7C-E29A060330CB}.Debug|Any CPU.Build.0 = Debug|Any CPU
		{BA907C84-ACEB-4B0E-BC7C-E29A060330CB}.Debug|ARM.ActiveCfg = Debug|Any CPU
		{BA907C84-ACEB-4B0E-BC7C-E29A060330CB}.Debug|ARM.Build.0 = Debug|Any CPU
		{BA907C84-ACEB-4B0E-BC7C-E29A060330CB}.Debug|iPhone.ActiveCfg = Debug|Any CPU
		{BA907C84-ACEB-4B0E-BC7C-E29A060330CB}.Debug|iPhone.Build.0 = Debug|Any CPU
		{BA907C84-ACEB-4B0E-BC7C-E29A060330CB}.Debug|iPhoneSimulator.ActiveCfg = Debug|Any CPU
		{BA907C84-ACEB-4B0E-BC7C-E29A060330CB}.Debug|iPhoneSimulator.Build.0 = Debug|Any CPU
		{BA907C84-ACEB-4B0E-BC7C-E29A060330CB}.Debug|x64.ActiveCfg = Debug|Any CPU
		{BA907C84-ACEB-4B0E-BC7C-E29A060330CB}.Debug|x64.Build.0 = Debug|Any CPU
		{BA907C84-ACEB-4B0E-BC7C-E29A060330CB}.Debug|x86.ActiveCfg = Debug|Any CPU
		{BA907C84-ACEB-4B0E-BC7C-E29A060330CB}.Debug|x86.Build.0 = Debug|Any CPU
		{BA907C84-ACEB-4B0E-BC7C-E29A060330CB}.Release|Any CPU.ActiveCfg = Release|Any CPU
		{BA907C84-ACEB-4B0E-BC7C-E29A060330CB}.Release|Any CPU.Build.0 = Release|Any CPU
		{BA907C84-ACEB-4B0E-BC7C-E29A060330CB}.Release|ARM.ActiveCfg = Release|Any CPU
		{BA907C84-ACEB-4B0E-BC7C-E29A060330CB}.Release|ARM.Build.0 = Release|Any CPU
		{BA907C84-ACEB-4B0E-BC7C-E29A060330CB}.Release|iPhone.ActiveCfg = Release|Any CPU
		{BA907C84-ACEB-4B0E-BC7C-E29A060330CB}.Release|iPhone.Build.0 = Release|Any CPU
		{BA907C84-ACEB-4B0E-BC7C-E29A060330CB}.Release|iPhoneSimulator.ActiveCfg = Release|Any CPU
		{BA907C84-ACEB-4B0E-BC7C-E29A060330CB}.Release|iPhoneSimulator.Build.0 = Release|Any CPU
		{BA907C84-ACEB-4B0E-BC7C-E29A060330CB}.Release|x64.ActiveCfg = Release|Any CPU
		{BA907C84-ACEB-4B0E-BC7C-E29A060330CB}.Release|x64.Build.0 = Release|Any CPU
		{BA907C84-ACEB-4B0E-BC7C-E29A060330CB}.Release|x86.ActiveCfg = Release|Any CPU
		{BA907C84-ACEB-4B0E-BC7C-E29A060330CB}.Release|x86.Build.0 = Release|Any CPU
	EndGlobalSection
	GlobalSection(SolutionProperties) = preSolution
		HideSolutionNode = FALSE
	EndGlobalSection
	GlobalSection(ExtensibilityGlobals) = postSolution
		SolutionGuid = {CBB6EB1B-EF3F-4853-8231-4C750BCBFFFB}
	EndGlobalSection
EndGlobal
